// !$*UTF8*$!
{
	archiveVersion = 1;
	classes = {
	};
	objectVersion = 46;
	objects = {

/* Begin PBXBuildFile section */
		9895F0A51C83E6660032E5F0 /* AppDelegate.swift in Sources */ = {isa = PBXBuildFile; fileRef = 9895F0A41C83E6660032E5F0 /* AppDelegate.swift */; };
		9895F0A71C83E6660032E5F0 /* ViewController.swift in Sources */ = {isa = PBXBuildFile; fileRef = 9895F0A61C83E6660032E5F0 /* ViewController.swift */; };
		9895F0AA1C83E6660032E5F0 /* Main.storyboard in Resources */ = {isa = PBXBuildFile; fileRef = 9895F0A81C83E6660032E5F0 /* Main.storyboard */; };
		9895F0AC1C83E6660032E5F0 /* Assets.xcassets in Resources */ = {isa = PBXBuildFile; fileRef = 9895F0AB1C83E6660032E5F0 /* Assets.xcassets */; };
		9895F0AF1C83E6660032E5F0 /* LaunchScreen.storyboard in Resources */ = {isa = PBXBuildFile; fileRef = 9895F0AD1C83E6660032E5F0 /* LaunchScreen.storyboard */; };
		9895F0BA1C83E6660032E5F0 /* UnlimitedScrollTests.swift in Sources */ = {isa = PBXBuildFile; fileRef = 9895F0B91C83E6660032E5F0 /* UnlimitedScrollTests.swift */; };
		9895F0C51C83E6660032E5F0 /* UnlimitedScrollUITests.swift in Sources */ = {isa = PBXBuildFile; fileRef = 9895F0C41C83E6660032E5F0 /* UnlimitedScrollUITests.swift */; };
/* End PBXBuildFile section */

/* Begin PBXContainerItemProxy section */
		9895F0B61C83E6660032E5F0 /* PBXContainerItemProxy */ = {
			isa = PBXContainerItemProxy;
			containerPortal = 9895F0991C83E6660032E5F0 /* Project object */;
			proxyType = 1;
			remoteGlobalIDString = 9895F0A01C83E6660032E5F0;
			remoteInfo = UnlimitedScroll;
		};
		9895F0C11C83E6660032E5F0 /* PBXContainerItemProxy */ = {
			isa = PBXContainerItemProxy;
			containerPortal = 9895F0991C83E6660032E5F0 /* Project object */;
			proxyType = 1;
			remoteGlobalIDString = 9895F0A01C83E6660032E5F0;
			remoteInfo = UnlimitedScroll;
		};
/* End PBXContainerItemProxy section */

/* Begin PBXFileReference section */
		9895F0A11C83E6660032E5F0 /* UnlimitedScroll.app */ = {isa = PBXFileReference; explicitFileType = wrapper.application; includeInIndex = 0; path = UnlimitedScroll.app; sourceTree = BUILT_PRODUCTS_DIR; };
		9895F0A41C83E6660032E5F0 /* AppDelegate.swift */ = {isa = PBXFileReference; lastKnownFileType = sourcecode.swift; path = AppDelegate.swift; sourceTree = "<group>"; };
		9895F0A61C83E6660032E5F0 /* ViewController.swift */ = {isa = PBXFileReference; lastKnownFileType = sourcecode.swift; path = ViewController.swift; sourceTree = "<group>"; };
		9895F0A91C83E6660032E5F0 /* Base */ = {isa = PBXFileReference; lastKnownFileType = file.storyboard; name = Base; path = Base.lproj/Main.storyboard; sourceTree = "<group>"; };
		9895F0AB1C83E6660032E5F0 /* Assets.xcassets */ = {isa = PBXFileReference; lastKnownFileType = folder.assetcatalog; path = Assets.xcassets; sourceTree = "<group>"; };
		9895F0AE1C83E6660032E5F0 /* Base */ = {isa = PBXFileReference; lastKnownFileType = file.storyboard; name = Base; path = Base.lproj/LaunchScreen.storyboard; sourceTree = "<group>"; };
		9895F0B01C83E6660032E5F0 /* Info.plist */ = {isa = PBXFileReference; lastKnownFileType = text.plist.xml; path = Info.plist; sourceTree = "<group>"; };
		9895F0B51C83E6660032E5F0 /* UnlimitedScrollTests.xctest */ = {isa = PBXFileReference; explicitFileType = wrapper.cfbundle; includeInIndex = 0; path = UnlimitedScrollTests.xctest; sourceTree = BUILT_PRODUCTS_DIR; };
		9895F0B91C83E6660032E5F0 /* UnlimitedScrollTests.swift */ = {isa = PBXFileReference; lastKnownFileType = sourcecode.swift; path = UnlimitedScrollTests.swift; sourceTree = "<group>"; };
		9895F0BB1C83E6660032E5F0 /* Info.plist */ = {isa = PBXFileReference; lastKnownFileType = text.plist.xml; path = Info.plist; sourceTree = "<group>"; };
		9895F0C01C83E6660032E5F0 /* UnlimitedScrollUITests.xctest */ = {isa = PBXFileReference; explicitFileType = wrapper.cfbundle; includeInIndex = 0; path = UnlimitedScrollUITests.xctest; sourceTree = BUILT_PRODUCTS_DIR; };
		9895F0C41C83E6660032E5F0 /* UnlimitedScrollUITests.swift */ = {isa = PBXFileReference; lastKnownFileType = sourcecode.swift; path = UnlimitedScrollUITests.swift; sourceTree = "<group>"; };
		9895F0C61C83E6660032E5F0 /* Info.plist */ = {isa = PBXFileReference; lastKnownFileType = text.plist.xml; path = Info.plist; sourceTree = "<group>"; };
/* End PBXFileReference section */

/* Begin PBXFrameworksBuildPhase section */
		9895F09E1C83E6660032E5F0 /* Frameworks */ = {
			isa = PBXFrameworksBuildPhase;
			buildActionMask = 2147483647;
			files = (
			);
			runOnlyForDeploymentPostprocessing = 0;
		};
		9895F0B21C83E6660032E5F0 /* Frameworks */ = {
			isa = PBXFrameworksBuildPhase;
			buildActionMask = 2147483647;
			files = (
			);
			runOnlyForDeploymentPostprocessing = 0;
		};
		9895F0BD1C83E6660032E5F0 /* Frameworks */ = {
			isa = PBXFrameworksBuildPhase;
			buildActionMask = 2147483647;
			files = (
			);
			runOnlyForDeploymentPostprocessing = 0;
		};
/* End PBXFrameworksBuildPhase section */

/* Begin PBXGroup section */
		9895F0981C83E6660032E5F0 = {
			isa = PBXGroup;
			children = (
				9895F0A31C83E6660032E5F0 /* UnlimitedScroll */,
				9895F0B81C83E6660032E5F0 /* UnlimitedScrollTests */,
				9895F0C31C83E6660032E5F0 /* UnlimitedScrollUITests */,
				9895F0A21C83E6660032E5F0 /* Products */,
			);
			sourceTree = "<group>";
		};
		9895F0A21C83E6660032E5F0 /* Products */ = {
			isa = PBXGroup;
			children = (
				9895F0A11C83E6660032E5F0 /* UnlimitedScroll.app */,
				9895F0B51C83E6660032E5F0 /* UnlimitedScrollTests.xctest */,
				9895F0C01C83E6660032E5F0 /* UnlimitedScrollUITests.xctest */,
			);
			name = Products;
			sourceTree = "<group>";
		};
		9895F0A31C83E6660032E5F0 /* UnlimitedScroll */ = {
			isa = PBXGroup;
			children = (
				9895F0A41C83E6660032E5F0 /* AppDelegate.swift */,
				9895F0A61C83E6660032E5F0 /* ViewController.swift */,
				9895F0A81C83E6660032E5F0 /* Main.storyboard */,
				9895F0AB1C83E6660032E5F0 /* Assets.xcassets */,
				9895F0AD1C83E6660032E5F0 /* LaunchScreen.storyboard */,
				9895F0B01C83E6660032E5F0 /* Info.plist */,
			);
			path = UnlimitedScroll;
			sourceTree = "<group>";
		};
		9895F0B81C83E6660032E5F0 /* UnlimitedScrollTests */ = {
			isa = PBXGroup;
			children = (
				9895F0B91C83E6660032E5F0 /* UnlimitedScrollTests.swift */,
				9895F0BB1C83E6660032E5F0 /* Info.plist */,
			);
			path = UnlimitedScrollTests;
			sourceTree = "<group>";
		};
		9895F0C31C83E6660032E5F0 /* UnlimitedScrollUITests */ = {
			isa = PBXGroup;
			children = (
				9895F0C41C83E6660032E5F0 /* UnlimitedScrollUITests.swift */,
				9895F0C61C83E6660032E5F0 /* Info.plist */,
			);
			path = UnlimitedScrollUITests;
			sourceTree = "<group>";
		};
/* End PBXGroup section */

/* Begin PBXNativeTarget section */
		9895F0A01C83E6660032E5F0 /* UnlimitedScroll */ = {
			isa = PBXNativeTarget;
			buildConfigurationList = 9895F0C91C83E6660032E5F0 /* Build configuration list for PBXNativeTarget "UnlimitedScroll" */;
			buildPhases = (
				9895F09D1C83E6660032E5F0 /* Sources */,
				9895F09E1C83E6660032E5F0 /* Frameworks */,
				9895F09F1C83E6660032E5F0 /* Resources */,
			);
			buildRules = (
			);
			dependencies = (
			);
			name = UnlimitedScroll;
			productName = UnlimitedScroll;
			productReference = 9895F0A11C83E6660032E5F0 /* UnlimitedScroll.app */;
			productType = "com.apple.product-type.application";
		};
		9895F0B41C83E6660032E5F0 /* UnlimitedScrollTests */ = {
			isa = PBXNativeTarget;
			buildConfigurationList = 9895F0CC1C83E6660032E5F0 /* Build configuration list for PBXNativeTarget "UnlimitedScrollTests" */;
			buildPhases = (
				9895F0B11C83E6660032E5F0 /* Sources */,
				9895F0B21C83E6660032E5F0 /* Frameworks */,
				9895F0B31C83E6660032E5F0 /* Resources */,
			);
			buildRules = (
			);
			dependencies = (
				9895F0B71C83E6660032E5F0 /* PBXTargetDependency */,
			);
			name = UnlimitedScrollTests;
			productName = UnlimitedScrollTests;
			productReference = 9895F0B51C83E6660032E5F0 /* UnlimitedScrollTests.xctest */;
			productType = "com.apple.product-type.bundle.unit-test";
		};
		9895F0BF1C83E6660032E5F0 /* UnlimitedScrollUITests */ = {
			isa = PBXNativeTarget;
			buildConfigurationList = 9895F0CF1C83E6660032E5F0 /* Build configuration list for PBXNativeTarget "UnlimitedScrollUITests" */;
			buildPhases = (
				9895F0BC1C83E6660032E5F0 /* Sources */,
				9895F0BD1C83E6660032E5F0 /* Frameworks */,
				9895F0BE1C83E6660032E5F0 /* Resources */,
			);
			buildRules = (
			);
			dependencies = (
				9895F0C21C83E6660032E5F0 /* PBXTargetDependency */,
			);
			name = UnlimitedScrollUITests;
			productName = UnlimitedScrollUITests;
			productReference = 9895F0C01C83E6660032E5F0 /* UnlimitedScrollUITests.xctest */;
			productType = "com.apple.product-type.bundle.ui-testing";
		};
/* End PBXNativeTarget section */

/* Begin PBXProject section */
		9895F0991C83E6660032E5F0 /* Project object */ = {
			isa = PBXProject;
			attributes = {
				LastSwiftUpdateCheck = 0720;
				LastUpgradeCheck = 0720;
				ORGANIZATIONNAME = "邓金龙";
				TargetAttributes = {
					9895F0A01C83E6660032E5F0 = {
						CreatedOnToolsVersion = 7.2;
						DevelopmentTeam = 5ZVFEN85C8;
					};
					9895F0B41C83E6660032E5F0 = {
						CreatedOnToolsVersion = 7.2;
						DevelopmentTeam = 5ZVFEN85C8;
						TestTargetID = 9895F0A01C83E6660032E5F0;
					};
					9895F0BF1C83E6660032E5F0 = {
						CreatedOnToolsVersion = 7.2;
						DevelopmentTeam = 5ZVFEN85C8;
						TestTargetID = 9895F0A01C83E6660032E5F0;
					};
				};
			};
			buildConfigurationList = 9895F09C1C83E6660032E5F0 /* Build configuration list for PBXProject "UnlimitedScroll" */;
			compatibilityVersion = "Xcode 3.2";
			developmentRegion = English;
			hasScannedForEncodings = 0;
			knownRegions = (
				en,
				Base,
			);
			mainGroup = 9895F0981C83E6660032E5F0;
			productRefGroup = 9895F0A21C83E6660032E5F0 /* Products */;
			projectDirPath = "";
			projectRoot = "";
			targets = (
				9895F0A01C83E6660032E5F0 /* UnlimitedScroll */,
				9895F0B41C83E6660032E5F0 /* UnlimitedScrollTests */,
				9895F0BF1C83E6660032E5F0 /* UnlimitedScrollUITests */,
			);
		};
/* End PBXProject section */

/* Begin PBXResourcesBuildPhase section */
		9895F09F1C83E6660032E5F0 /* Resources */ = {
			isa = PBXResourcesBuildPhase;
			buildActionMask = 2147483647;
			files = (
				9895F0AF1C83E6660032E5F0 /* LaunchScreen.storyboard in Resources */,
				9895F0AC1C83E6660032E5F0 /* Assets.xcassets in Resources */,
				9895F0AA1C83E6660032E5F0 /* Main.storyboard in Resources */,
			);
			runOnlyForDeploymentPostprocessing = 0;
		};
		9895F0B31C83E6660032E5F0 /* Resources */ = {
			isa = PBXResourcesBuildPhase;
			buildActionMask = 2147483647;
			files = (
			);
			runOnlyForDeploymentPostprocessing = 0;
		};
		9895F0BE1C83E6660032E5F0 /* Resources */ = {
			isa = PBXResourcesBuildPhase;
			buildActionMask = 2147483647;
			files = (
			);
			runOnlyForDeploymentPostprocessing = 0;
		};
/* End PBXResourcesBuildPhase section */

/* Begin PBXSourcesBuildPhase section */
		9895F09D1C83E6660032E5F0 /* Sources */ = {
			isa = PBXSourcesBuildPhase;
			buildActionMask = 2147483647;
			files = (
				9895F0A71C83E6660032E5F0 /* ViewController.swift in Sources */,
				9895F0A51C83E6660032E5F0 /* AppDelegate.swift in Sources */,
			);
			runOnlyForDeploymentPostprocessing = 0;
		};
		9895F0B11C83E6660032E5F0 /* Sources */ = {
			isa = PBXSourcesBuildPhase;
			buildActionMask = 2147483647;
			files = (
				9895F0BA1C83E6660032E5F0 /* UnlimitedScrollTests.swift in Sources */,
			);
			runOnlyForDeploymentPostprocessing = 0;
		};
		9895F0BC1C83E6660032E5F0 /* Sources */ = {
			isa = PBXSourcesBuildPhase;
			buildActionMask = 2147483647;
			files = (
				9895F0C51C83E6660032E5F0 /* UnlimitedScrollUITests.swift in Sources */,
			);
			runOnlyForDeploymentPostprocessing = 0;
		};
/* End PBXSourcesBuildPhase section */

/* Begin PBXTargetDependency section */
		9895F0B71C83E6660032E5F0 /* PBXTargetDependency */ = {
			isa = PBXTargetDependency;
			target = 9895F0A01C83E6660032E5F0 /* UnlimitedScroll */;
			targetProxy = 9895F0B61C83E6660032E5F0 /* PBXContainerItemProxy */;
		};
		9895F0C21C83E6660032E5F0 /* PBXTargetDependency */ = {
			isa = PBXTargetDependency;
			target = 9895F0A01C83E6660032E5F0 /* UnlimitedScroll */;
			targetProxy = 9895F0C11C83E6660032E5F0 /* PBXContainerItemProxy */;
		};
/* End PBXTargetDependency section */

/* Begin PBXVariantGroup section */
		9895F0A81C83E6660032E5F0 /* Main.storyboard */ = {
			isa = PBXVariantGroup;
			children = (
				9895F0A91C83E6660032E5F0 /* Base */,
			);
			name = Main.storyboard;
			sourceTree = "<group>";
		};
		9895F0AD1C83E6660032E5F0 /* LaunchScreen.storyboard */ = {
			isa = PBXVariantGroup;
			children = (
				9895F0AE1C83E6660032E5F0 /* Base */,
			);
			name = LaunchScreen.storyboard;
			sourceTree = "<group>";
		};
/* End PBXVariantGroup section */

/* Begin XCBuildConfiguration section */
		9895F0C71C83E6660032E5F0 /* Debug */ = {
			isa = XCBuildConfiguration;
			buildSettings = {
				ALWAYS_SEARCH_USER_PATHS = NO;
				CLANG_CXX_LANGUAGE_STANDARD = "gnu++0x";
				CLANG_CXX_LIBRARY = "libc++";
				CLANG_ENABLE_MODULES = YES;
				CLANG_ENABLE_OBJC_ARC = YES;
				CLANG_WARN_BOOL_CONVERSION = YES;
				CLANG_WARN_CONSTANT_CONVERSION = YES;
				CLANG_WARN_DIRECT_OBJC_ISA_USAGE = YES_ERROR;
				CLANG_WARN_EMPTY_BODY = YES;
				CLANG_WARN_ENUM_CONVERSION = YES;
				CLANG_WARN_INT_CONVERSION = YES;
				CLANG_WARN_OBJC_ROOT_CLASS = YES_ERROR;
				CLANG_WARN_UNREACHABLE_CODE = YES;
				CLANG_WARN__DUPLICATE_METHOD_MATCH = YES;
				"CODE_SIGN_IDENTITY[sdk=iphoneos*]" = "iPhone Developer";
				COPY_PHASE_STRIP = NO;
				DEBUG_INFORMATION_FORMAT = dwarf;
				ENABLE_STRICT_OBJC_MSGSEND = YES;
				ENABLE_TESTABILITY = YES;
				GCC_C_LANGUAGE_STANDARD = gnu99;
				GCC_DYNAMIC_NO_PIC = NO;
				GCC_NO_COMMON_BLOCKS = YES;
				GCC_OPTIMIZATION_LEVEL = 0;
				GCC_PREPROCESSOR_DEFINITIONS = (
					"DEBUG=1",
					"$(inherited)",
				);
				GCC_WARN_64_TO_32_BIT_CONVERSION = YES;
				GCC_WARN_ABOUT_RETURN_TYPE = YES_ERROR;
				GCC_WARN_UNDECLARED_SELECTOR = YES;
				GCC_WARN_UNINITIALIZED_AUTOS = YES_AGGRESSIVE;
				GCC_WARN_UNUSED_FUNCTION = YES;
				GCC_WARN_UNUSED_VARIABLE = YES;
				IPHONEOS_DEPLOYMENT_TARGET = 9.2;
				MTL_ENABLE_DEBUG_INFO = YES;
				ONLY_ACTIVE_ARCH = YES;
				SDKROOT = iphoneos;
				SWIFT_OPTIMIZATION_LEVEL = "-Onone";
				TARGETED_DEVICE_FAMILY = "1,2";
			};
			name = Debug;
		};
		9895F0C81C83E6660032E5F0 /* Release */ = {
			isa = XCBuildConfiguration;
			buildSettings = {
				ALWAYS_SEARCH_USER_PATHS = NO;
				CLANG_CXX_LANGUAGE_STANDARD = "gnu++0x";
				CLANG_CXX_LIBRARY = "libc++";
				CLANG_ENABLE_MODULES = YES;
				CLANG_ENABLE_OBJC_ARC = YES;
				CLANG_WARN_BOOL_CONVERSION = YES;
				CLANG_WARN_CONSTANT_CONVERSION = YES;
				CLANG_WARN_DIRECT_OBJC_ISA_USAGE = YES_ERROR;
				CLANG_WARN_EMPTY_BODY = YES;
				CLANG_WARN_ENUM_CONVERSION = YES;
				CLANG_WARN_INT_CONVERSION = YES;
				CLANG_WARN_OBJC_ROOT_CLASS = YES_ERROR;
				CLANG_WARN_UNREACHABLE_CODE = YES;
				CLANG_WARN__DUPLICATE_METHOD_MATCH = YES;
				"CODE_SIGN_IDENTITY[sdk=iphoneos*]" = "iPhone Developer";
				COPY_PHASE_STRIP = NO;
				DEBUG_INFORMATION_FORMAT = "dwarf-with-dsym";
				ENABLE_NS_ASSERTIONS = NO;
				ENABLE_STRICT_OBJC_MSGSEND = YES;
				GCC_C_LANGUAGE_STANDARD = gnu99;
				GCC_NO_COMMON_BLOCKS = YES;
				GCC_WARN_64_TO_32_BIT_CONVERSION = YES;
				GCC_WARN_ABOUT_RETURN_TYPE = YES_ERROR;
				GCC_WARN_UNDECLARED_SELECTOR = YES;
				GCC_WARN_UNINITIALIZED_AUTOS = YES_AGGRESSIVE;
				GCC_WARN_UNUSED_FUNCTION = YES;
				GCC_WARN_UNUSED_VARIABLE = YES;
				IPHONEOS_DEPLOYMENT_TARGET = 9.2;
				MTL_ENABLE_DEBUG_INFO = NO;
				SDKROOT = iphoneos;
				TARGETED_DEVICE_FAMILY = "1,2";
				VALIDATE_PRODUCT = YES;
			};
			name = Release;
		};
		9895F0CA1C83E6660032E5F0 /* Debug */ = {
			isa = XCBuildConfiguration;
			buildSettings = {
				ASSETCATALOG_COMPILER_APPICON_NAME = AppIcon;
				INFOPLIST_FILE = UnlimitedScroll/Info.plist;
				LD_RUNPATH_SEARCH_PATHS = "$(inherited) @executable_path/Frameworks";
				PRODUCT_BUNDLE_IDENTIFIER = DJL.UnlimitedScroll;
				PRODUCT_NAME = "$(TARGET_NAME)";
			};
			name = Debug;
		};
		9895F0CB1C83E6660032E5F0 /* Release */ = {
			isa = XCBuildConfiguration;
			buildSettings = {
				ASSETCATALOG_COMPILER_APPICON_NAME = AppIcon;
				INFOPLIST_FILE = UnlimitedScroll/Info.plist;
				LD_RUNPATH_SEARCH_PATHS = "$(inherited) @executable_path/Frameworks";
				PRODUCT_BUNDLE_IDENTIFIER = DJL.UnlimitedScroll;
				PRODUCT_NAME = "$(TARGET_NAME)";
			};
			name = Release;
		};
		9895F0CD1C83E6660032E5F0 /* Debug */ = {
			isa = XCBuildConfiguration;
			buildSettings = {
				BUNDLE_LOADER = "$(TEST_HOST)";
				INFOPLIST_FILE = UnlimitedScrollTests/Info.plist;
				LD_RUNPATH_SEARCH_PATHS = "$(inherited) @executable_path/Frameworks @loader_path/Frameworks";
				PRODUCT_BUNDLE_IDENTIFIER = DJL.UnlimitedScrollTests;
				PRODUCT_NAME = "$(TARGET_NAME)";
				TEST_HOST = "$(BUILT_PRODUCTS_DIR)/UnlimitedScroll.app/UnlimitedScroll";
			};
			name = Debug;
		};
		9895F0CE1C83E6660032E5F0 /* Release */ = {
			isa = XCBuildConfiguration;
			buildSettings = {
				BUNDLE_LOADER = "$(TEST_HOST)";
				INFOPLIST_FILE = UnlimitedScrollTests/Info.plist;
				LD_RUNPATH_SEARCH_PATHS = "$(inherited) @executable_path/Frameworks @loader_path/Frameworks";
				PRODUCT_BUNDLE_IDENTIFIER = DJL.UnlimitedScrollTests;
				PRODUCT_NAME = "$(TARGET_NAME)";
				TEST_HOST = "$(BUILT_PRODUCTS_DIR)/UnlimitedScroll.app/UnlimitedScroll";
			};
			name = Release;
		};
		9895F0D01C83E6660032E5F0 /* Debug */ = {
			isa = XCBuildConfiguration;
			buildSettings = {
				INFOPLIST_FILE = UnlimitedScrollUITests/Info.plist;
				LD_RUNPATH_SEARCH_PATHS = "$(inherited) @executable_path/Frameworks @loader_path/Frameworks";
				PRODUCT_BUNDLE_IDENTIFIER = DJL.UnlimitedScrollUITests;
				PRODUCT_NAME = "$(TARGET_NAME)";
				TEST_TARGET_NAME = UnlimitedScroll;
				USES_XCTRUNNER = YES;
			};
			name = Debug;
		};
		9895F0D11C83E6660032E5F0 /* Release */ = {
			isa = XCBuildConfiguration;
			buildSettings = {
				INFOPLIST_FILE = UnlimitedScrollUITests/Info.plist;
				LD_RUNPATH_SEARCH_PATHS = "$(inherited) @executable_path/Frameworks @loader_path/Frameworks";
				PRODUCT_BUNDLE_IDENTIFIER = DJL.UnlimitedScrollUITests;
				PRODUCT_NAME = "$(TARGET_NAME)";
				TEST_TARGET_NAME = UnlimitedScroll;
				USES_XCTRUNNER = YES;
			};
			name = Release;
		};
/* End XCBuildConfiguration section */

/* Begin XCConfigurationList section */
		9895F09C1C83E6660032E5F0 /* Build configuration list for PBXProject "UnlimitedScroll" */ = {
			isa = XCConfigurationList;
			buildConfigurations = (
				9895F0C71C83E6660032E5F0 /* Debug */,
				9895F0C81C83E6660032E5F0 /* Release */,
			);
			defaultConfigurationIsVisible = 0;
			defaultConfigurationName = Release;
		};
		9895F0C91C83E6660032E5F0 /* Build configuration list for PBXNativeTarget "UnlimitedScroll" */ = {
			isa = XCConfigurationList;
			buildConfigurations = (
				9895F0CA1C83E6660032E5F0 /* Debug */,
				9895F0CB1C83E6660032E5F0 /* Release */,
			);
			defaultConfigurationIsVisible = 0;
		};
		9895F0CC1C83E6660032E5F0 /* Build configuration list for PBXNativeTarget "UnlimitedScrollTests" */ = {
			isa = XCConfigurationList;
			buildConfigurations = (
				9895F0CD1C83E6660032E5F0 /* Debug */,
				9895F0CE1C83E6660032E5F0 /* Release */,
			);
			defaultConfigurationIsVisible = 0;
		};
		9895F0CF1C83E6660032E5F0 /* Build configuration list for PBXNativeTarget "UnlimitedScrollUITests" */ = {
			isa = XCConfigurationList;
			buildConfigurations = (
				9895F0D01C83E6660032E5F0 /* Debug */,
				9895F0D11C83E6660032E5F0 /* Release */,
			);
			defaultConfigurationIsVisible = 0;
		};
/* End XCConfigurationList section */
	};
	rootObject = 9895F0991C83E6660032E5F0 /* Project object */;
}
